
Microsoft Visual Studio Solution File, Format Version 12.00
# Visual Studio Version 16
VisualStudioVersion = 16.0.29709.97
MinimumVisualStudioVersion = 10.0.40219.1
Project("{FAE04EC0-301F-11D3-BF4B-00C04F79EFBC}") = "Piano", "Piano\Piano.csproj", "{ED5846D6-ECE5-4CA2-8BDF-8E18467BF26B}"
EndProject
Global
	GlobalSection(SolutionConfigurationPlatforms) = preSolution
		Debug|Any CPU = Debug|Any CPU
		Release|Any CPU = Release|Any CPU
	EndGlobalSection
	GlobalSection(ProjectConfigurationPlatforms) = postSolution
		{ED5846D6-ECE5-4CA2-8BDF-8E18467BF26B}.Debug|Any CPU.ActiveCfg = Debug|Any CPU
		{ED5846D6-ECE5-4CA2-8BDF-8E18467BF26B}.Debug|Any CPU.Build.0 = Debug|Any CPU
		{ED5846D6-ECE5-4CA2-8BDF-8E18467BF26B}.Release|Any CPU.ActiveCfg = Release|Any CPU
		{ED5846D6-ECE5-4CA2-8BDF-8E18467BF26B}.Release|Any CPU.Build.0 = Release|Any CPU
	EndGlobalSection
	GlobalSection(SolutionProperties) = preSolution
		HideSolutionNode = FALSE
	EndGlobalSection
	GlobalSection(ExtensibilityGlobals) = postSolution
		SolutionGuid = {C7C7B245-F792-4992-9E13-E220A494911B}
	EndGlobalSection
EndGlobal
